
Microsoft Visual Studio Solution File, Format Version 12.00
# Visual Studio Version 17
VisualStudioVersion = 17.2.32616.157
MinimumVisualStudioVersion = 10.0.40219.1
Project("{FAE04EC0-301F-11D3-BF4B-00C04F79EFBC}") = "Example", "ClassTest\Example.csproj", "{5C87ED5A-0A67-438C-A2B7-69515256C777}"
EndProject
Global
	GlobalSection(SolutionConfigurationPlatforms) = preSolution
		Debug|Any CPU = Debug|Any CPU
		Release|Any CPU = Release|Any CPU
	EndGlobalSection
	GlobalSection(ProjectConfigurationPlatforms) = postSolution
		{5C87ED5A-0A67-438C-A2B7-69515256C777}.Debug|Any CPU.ActiveCfg = Debug|Any CPU
		{5C87ED5A-0A67-438C-A2B7-69515256C777}.Debug|Any CPU.Build.0 = Debug|Any CPU
		{5C87ED5A-0A67-438C-A2B7-69515256C777}.Release|Any CPU.ActiveCfg = Release|Any CPU
		{5C87ED5A-0A67-438C-A2B7-69515256C777}.Release|Any CPU.Build.0 = Release|Any CPU
	EndGlobalSection
	GlobalSection(SolutionProperties) = preSolution
		HideSolutionNode = FALSE
	EndGlobalSection
	GlobalSection(ExtensibilityGlobals) = postSolution
		SolutionGuid = {6AA707BC-586F-45F5-8623-14FFC76EF669}
	EndGlobalSection
EndGlobal
